
Microsoft Visual Studio Solution File, Format Version 12.00
# Visual Studio 15
VisualStudioVersion = 15.0.26730.3
MinimumVisualStudioVersion = 10.0.40219.1
Project("{9A19103F-16F7-4668-BE54-9A1E7A4F7556}") = "ShopAnalyse.Library", "ShopAnalyse.Library\ShopAnalyse.Library.csproj", "{176DFE2A-6A2B-4118-8B3A-E0886B83601C}"
EndProject
Project("{2150E333-8FDC-42A3-9474-1A3956D46DE8}") = "Library", "Library", "{A676DD5B-F22D-403B-93B4-7CBE453ADE8D}"
EndProject
Project("{2150E333-8FDC-42A3-9474-1A3956D46DE8}") = "Library.Core", "Library.Core", "{92E51676-3A30-4F69-86BE-C35F9C1B0AC3}"
EndProject
Project("{2150E333-8FDC-42A3-9474-1A3956D46DE8}") = "Services", "Services", "{C183CE2D-8BED-46E3-A42F-37E196B2B235}"
EndProject
Project("{2150E333-8FDC-42A3-9474-1A3956D46DE8}") = "Web", "Web", "{D0CFD3A2-3FBD-4190-8AF4-196127C6D154}"
EndProject
Project("{FAE04EC0-301F-11D3-BF4B-00C04F79EFBC}") = "WenBin.Entity", "..\Fang\WenBin.Entity\WenBin.Entity.csproj", "{608DA679-E9D8-4CB7-9CA0-E3A6611581E4}"
EndProject
Project("{FAE04EC0-301F-11D3-BF4B-00C04F79EFBC}") = "WenBin.DAL", "..\Fang\WenBin.DAL\WenBin.DAL.csproj", "{7E194532-5C36-4674-9382-367CFA6035CC}"
EndProject
Project("{FAE04EC0-301F-11D3-BF4B-00C04F79EFBC}") = "WenBin.BLL", "..\Fang\WenBin.BLL\WenBin.BLL.csproj", "{00E1BC48-B533-425C-967A-F14600891587}"
EndProject
Project("{FAE04EC0-301F-11D3-BF4B-00C04F79EFBC}") = "WenBin.Common", "..\Fang\WenBin.Common\WenBin.Common.csproj", "{B682A7F3-C381-4B12-988E-DE336BDF378F}"
EndProject
Project("{FAE04EC0-301F-11D3-BF4B-00C04F79EFBC}") = "Api.Dto", "..\Fang\Api.Dto\Api.Dto.csproj", "{4932B410-871C-4D68-8475-F18171346868}"
EndProject
Project("{FAE04EC0-301F-11D3-BF4B-00C04F79EFBC}") = "ShopAnalyse.OP", "ShopAnalyse.OP\ShopAnalyse.OP.csproj", "{DB514193-6654-4FD4-A357-E7E4C61983A2}"
EndProject
Project("{FAE04EC0-301F-11D3-BF4B-00C04F79EFBC}") = "Shop.Web", "Shop.Web\Shop.Web.csproj", "{8145BD42-93FB-4C6E-A2CD-B7810B02B6A8}"
EndProject
Project("{FAE04EC0-301F-11D3-BF4B-00C04F79EFBC}") = "Shop.Distribute", "Shop.Distribute\Shop.Distribute.csproj", "{29B35F23-D06B-4DA3-8093-33039958AA12}"
EndProject
Global
	GlobalSection(SolutionConfigurationPlatforms) = preSolution
		Debug|Any CPU = Debug|Any CPU
		Release|Any CPU = Release|Any CPU
	EndGlobalSection
	GlobalSection(ProjectConfigurationPlatforms) = postSolution
		{176DFE2A-6A2B-4118-8B3A-E0886B83601C}.Debug|Any CPU.ActiveCfg = Debug|Any CPU
		{176DFE2A-6A2B-4118-8B3A-E0886B83601C}.Debug|Any CPU.Build.0 = Debug|Any CPU
		{176DFE2A-6A2B-4118-8B3A-E0886B83601C}.Release|Any CPU.ActiveCfg = Release|Any CPU
		{176DFE2A-6A2B-4118-8B3A-E0886B83601C}.Release|Any CPU.Build.0 = Release|Any CPU
		{608DA679-E9D8-4CB7-9CA0-E3A6611581E4}.Debug|Any CPU.ActiveCfg = Debug|Any CPU
		{608DA679-E9D8-4CB7-9CA0-E3A6611581E4}.Debug|Any CPU.Build.0 = Debug|Any CPU
		{608DA679-E9D8-4CB7-9CA0-E3A6611581E4}.Release|Any CPU.ActiveCfg = Release|Any CPU
		{608DA679-E9D8-4CB7-9CA0-E3A6611581E4}.Release|Any CPU.Build.0 = Release|Any CPU
		{7E194532-5C36-4674-9382-367CFA6035CC}.Debug|Any CPU.ActiveCfg = Debug|Any CPU
		{7E194532-5C36-4674-9382-367CFA6035CC}.Debug|Any CPU.Build.0 = Debug|Any CPU
		{7E194532-5C36-4674-9382-367CFA6035CC}.Release|Any CPU.ActiveCfg = Release|Any CPU
		{7E194532-5C36-4674-9382-367CFA6035CC}.Release|Any CPU.Build.0 = Release|Any CPU
		{00E1BC48-B533-425C-967A-F14600891587}.Debug|Any CPU.ActiveCfg = Debug|Any CPU
		{00E1BC48-B533-425C-967A-F14600891587}.Debug|Any CPU.Build.0 = Debug|Any CPU
		{00E1BC48-B533-425C-967A-F14600891587}.Release|Any CPU.ActiveCfg = Release|Any CPU
		{00E1BC48-B533-425C-967A-F14600891587}.Release|Any CPU.Build.0 = Release|Any CPU
		{B682A7F3-C381-4B12-988E-DE336BDF378F}.Debug|Any CPU.ActiveCfg = Debug|Any CPU
		{B682A7F3-C381-4B12-988E-DE336BDF378F}.Debug|Any CPU.Build.0 = Debug|Any CPU
		{B682A7F3-C381-4B12-988E-DE336BDF378F}.Release|Any CPU.ActiveCfg = Release|Any CPU
		{B682A7F3-C381-4B12-988E-DE336BDF378F}.Release|Any CPU.Build.0 = Release|Any CPU
		{4932B410-871C-4D68-8475-F18171346868}.Debug|Any CPU.ActiveCfg = Debug|Any CPU
		{4932B410-871C-4D68-8475-F18171346868}.Debug|Any CPU.Build.0 = Debug|Any CPU
		{4932B410-871C-4D68-8475-F18171346868}.Release|Any CPU.ActiveCfg = Release|Any CPU
		{4932B410-871C-4D68-8475-F18171346868}.Release|Any CPU.Build.0 = Release|Any CPU
		{DB514193-6654-4FD4-A357-E7E4C61983A2}.Debug|Any CPU.ActiveCfg = Debug|Any CPU
		{DB514193-6654-4FD4-A357-E7E4C61983A2}.Debug|Any CPU.Build.0 = Debug|Any CPU
		{DB514193-6654-4FD4-A357-E7E4C61983A2}.Release|Any CPU.ActiveCfg = Release|Any CPU
		{DB514193-6654-4FD4-A357-E7E4C61983A2}.Release|Any CPU.Build.0 = Release|Any CPU
		{8145BD42-93FB-4C6E-A2CD-B7810B02B6A8}.Debug|Any CPU.ActiveCfg = Debug|Any CPU
		{8145BD42-93FB-4C6E-A2CD-B7810B02B6A8}.Debug|Any CPU.Build.0 = Debug|Any CPU
		{8145BD42-93FB-4C6E-A2CD-B7810B02B6A8}.Release|Any CPU.ActiveCfg = Release|Any CPU
		{8145BD42-93FB-4C6E-A2CD-B7810B02B6A8}.Release|Any CPU.Build.0 = Release|Any CPU
		{29B35F23-D06B-4DA3-8093-33039958AA12}.Debug|Any CPU.ActiveCfg = Debug|Any CPU
		{29B35F23-D06B-4DA3-8093-33039958AA12}.Debug|Any CPU.Build.0 = Debug|Any CPU
		{29B35F23-D06B-4DA3-8093-33039958AA12}.Release|Any CPU.ActiveCfg = Release|Any CPU
		{29B35F23-D06B-4DA3-8093-33039958AA12}.Release|Any CPU.Build.0 = Release|Any CPU
	EndGlobalSection
	GlobalSection(SolutionProperties) = preSolution
		HideSolutionNode = FALSE
	EndGlobalSection
	GlobalSection(NestedProjects) = preSolution
		{176DFE2A-6A2B-4118-8B3A-E0886B83601C} = {92E51676-3A30-4F69-86BE-C35F9C1B0AC3}
		{608DA679-E9D8-4CB7-9CA0-E3A6611581E4} = {A676DD5B-F22D-403B-93B4-7CBE453ADE8D}
		{7E194532-5C36-4674-9382-367CFA6035CC} = {A676DD5B-F22D-403B-93B4-7CBE453ADE8D}
		{00E1BC48-B533-425C-967A-F14600891587} = {A676DD5B-F22D-403B-93B4-7CBE453ADE8D}
		{B682A7F3-C381-4B12-988E-DE336BDF378F} = {A676DD5B-F22D-403B-93B4-7CBE453ADE8D}
		{4932B410-871C-4D68-8475-F18171346868} = {A676DD5B-F22D-403B-93B4-7CBE453ADE8D}
		{DB514193-6654-4FD4-A357-E7E4C61983A2} = {D0CFD3A2-3FBD-4190-8AF4-196127C6D154}
		{8145BD42-93FB-4C6E-A2CD-B7810B02B6A8} = {D0CFD3A2-3FBD-4190-8AF4-196127C6D154}
		{29B35F23-D06B-4DA3-8093-33039958AA12} = {C183CE2D-8BED-46E3-A42F-37E196B2B235}
	EndGlobalSection
	GlobalSection(ExtensibilityGlobals) = postSolution
		SolutionGuid = {2218A0BA-19DA-4170-84DC-243D4815B901}
	EndGlobalSection
EndGlobal
